// !$*UTF8*$!
{
	archiveVersion = 1;
	classes = {
	};
	objectVersion = 46;
	objects = {

/* Begin PBXBuildFile section */
		189533451D4A9CD100153EF0 /* AppDelegate.swift in Sources */ = {isa = PBXBuildFile; fileRef = 189533441D4A9CD100153EF0 /* AppDelegate.swift */; };
		189533471D4A9CD100153EF0 /* ViewController.swift in Sources */ = {isa = PBXBuildFile; fileRef = 189533461D4A9CD100153EF0 /* ViewController.swift */; };
		1895334A1D4A9CD100153EF0 /* Main.storyboard in Resources */ = {isa = PBXBuildFile; fileRef = 189533481D4A9CD100153EF0 /* Main.storyboard */; };
		1895334D1D4A9CD100153EF0 /* Recepiz.xcdatamodeld in Sources */ = {isa = PBXBuildFile; fileRef = 1895334B1D4A9CD100153EF0 /* Recepiz.xcdatamodeld */; };
		1895334F1D4A9CD100153EF0 /* Assets.xcassets in Resources */ = {isa = PBXBuildFile; fileRef = 1895334E1D4A9CD100153EF0 /* Assets.xcassets */; };
		189533521D4A9CD100153EF0 /* LaunchScreen.storyboard in Resources */ = {isa = PBXBuildFile; fileRef = 189533501D4A9CD100153EF0 /* LaunchScreen.storyboard */; };
		1895335E1D4AA3E900153EF0 /* Recipe+CoreDataProperties.swift in Sources */ = {isa = PBXBuildFile; fileRef = 1895335C1D4AA3E900153EF0 /* Recipe+CoreDataProperties.swift */; };
		1895335F1D4AA3E900153EF0 /* Recipe.swift in Sources */ = {isa = PBXBuildFile; fileRef = 1895335D1D4AA3E900153EF0 /* Recipe.swift */; };
		189533611D4AA6BB00153EF0 /* RecipeCell.swift in Sources */ = {isa = PBXBuildFile; fileRef = 189533601D4AA6BB00153EF0 /* RecipeCell.swift */; };
		189533631D4AB06D00153EF0 /* CreateRecipeVC.swift in Sources */ = {isa = PBXBuildFile; fileRef = 189533621D4AB06D00153EF0 /* CreateRecipeVC.swift */; };
/* End PBXBuildFile section */

/* Begin PBXFileReference section */
		189533411D4A9CD100153EF0 /* Recepiz.app */ = {isa = PBXFileReference; explicitFileType = wrapper.application; includeInIndex = 0; path = Recepiz.app; sourceTree = BUILT_PRODUCTS_DIR; };
		189533441D4A9CD100153EF0 /* AppDelegate.swift */ = {isa = PBXFileReference; lastKnownFileType = sourcecode.swift; path = AppDelegate.swift; sourceTree = "<group>"; };
		189533461D4A9CD100153EF0 /* ViewController.swift */ = {isa = PBXFileReference; lastKnownFileType = sourcecode.swift; path = ViewController.swift; sourceTree = "<group>"; };
		189533491D4A9CD100153EF0 /* Base */ = {isa = PBXFileReference; lastKnownFileType = file.storyboard; name = Base; path = Base.lproj/Main.storyboard; sourceTree = "<group>"; };
		1895334C1D4A9CD100153EF0 /* Recepiz.xcdatamodel */ = {isa = PBXFileReference; lastKnownFileType = wrapper.xcdatamodel; path = Recepiz.xcdatamodel; sourceTree = "<group>"; };
		1895334E1D4A9CD100153EF0 /* Assets.xcassets */ = {isa = PBXFileReference; lastKnownFileType = folder.assetcatalog; path = Assets.xcassets; sourceTree = "<group>"; };
		189533511D4A9CD100153EF0 /* Base */ = {isa = PBXFileReference; lastKnownFileType = file.storyboard; name = Base; path = Base.lproj/LaunchScreen.storyboard; sourceTree = "<group>"; };
		189533531D4A9CD100153EF0 /* Info.plist */ = {isa = PBXFileReference; lastKnownFileType = text.plist.xml; path = Info.plist; sourceTree = "<group>"; };
		1895335C1D4AA3E900153EF0 /* Recipe+CoreDataProperties.swift */ = {isa = PBXFileReference; fileEncoding = 4; lastKnownFileType = sourcecode.swift; name = "Recipe+CoreDataProperties.swift"; path = "../Recipe+CoreDataProperties.swift"; sourceTree = "<group>"; };
		1895335D1D4AA3E900153EF0 /* Recipe.swift */ = {isa = PBXFileReference; fileEncoding = 4; lastKnownFileType = sourcecode.swift; name = Recipe.swift; path = ../Recipe.swift; sourceTree = "<group>"; };
		189533601D4AA6BB00153EF0 /* RecipeCell.swift */ = {isa = PBXFileReference; fileEncoding = 4; lastKnownFileType = sourcecode.swift; path = RecipeCell.swift; sourceTree = "<group>"; };
		189533621D4AB06D00153EF0 /* CreateRecipeVC.swift */ = {isa = PBXFileReference; fileEncoding = 4; lastKnownFileType = sourcecode.swift; path = CreateRecipeVC.swift; sourceTree = "<group>"; };
/* End PBXFileReference section */

/* Begin PBXFrameworksBuildPhase section */
		1895333E1D4A9CD100153EF0 /* Frameworks */ = {
			isa = PBXFrameworksBuildPhase;
			buildActionMask = 2147483647;
			files = (
			);
			runOnlyForDeploymentPostprocessing = 0;
		};
/* End PBXFrameworksBuildPhase section */

/* Begin PBXGroup section */
		189533381D4A9CD100153EF0 = {
			isa = PBXGroup;
			children = (
				189533431D4A9CD100153EF0 /* Recepiz */,
				189533421D4A9CD100153EF0 /* Products */,
			);
			sourceTree = "<group>";
		};
		189533421D4A9CD100153EF0 /* Products */ = {
			isa = PBXGroup;
			children = (
				189533411D4A9CD100153EF0 /* Recepiz.app */,
			);
			name = Products;
			sourceTree = "<group>";
		};
		189533431D4A9CD100153EF0 /* Recepiz */ = {
			isa = PBXGroup;
			children = (
				1895335B1D4AA39600153EF0 /* View */,
				1895335A1D4AA39100153EF0 /* Controller */,
				189533591D4AA38D00153EF0 /* Model */,
				189533441D4A9CD100153EF0 /* AppDelegate.swift */,
				189533481D4A9CD100153EF0 /* Main.storyboard */,
				1895334E1D4A9CD100153EF0 /* Assets.xcassets */,
				189533501D4A9CD100153EF0 /* LaunchScreen.storyboard */,
				189533531D4A9CD100153EF0 /* Info.plist */,
				1895334B1D4A9CD100153EF0 /* Recepiz.xcdatamodeld */,
			);
			path = Recepiz;
			sourceTree = "<group>";
		};
		189533591D4AA38D00153EF0 /* Model */ = {
			isa = PBXGroup;
			children = (
				1895335C1D4AA3E900153EF0 /* Recipe+CoreDataProperties.swift */,
				1895335D1D4AA3E900153EF0 /* Recipe.swift */,
			);
			name = Model;
			sourceTree = "<group>";
		};
		1895335A1D4AA39100153EF0 /* Controller */ = {
			isa = PBXGroup;
			children = (
				189533461D4A9CD100153EF0 /* ViewController.swift */,
				189533601D4AA6BB00153EF0 /* RecipeCell.swift */,
				189533621D4AB06D00153EF0 /* CreateRecipeVC.swift */,
			);
			name = Controller;
			sourceTree = "<group>";
		};
		1895335B1D4AA39600153EF0 /* View */ = {
			isa = PBXGroup;
			children = (
			);
			name = View;
			sourceTree = "<group>";
		};
/* End PBXGroup section */

/* Begin PBXNativeTarget section */
		189533401D4A9CD100153EF0 /* Recepiz */ = {
			isa = PBXNativeTarget;
			buildConfigurationList = 189533561D4A9CD100153EF0 /* Build configuration list for PBXNativeTarget "Recepiz" */;
			buildPhases = (
				1895333D1D4A9CD100153EF0 /* Sources */,
				1895333E1D4A9CD100153EF0 /* Frameworks */,
				1895333F1D4A9CD100153EF0 /* Resources */,
			);
			buildRules = (
			);
			dependencies = (
			);
			name = Recepiz;
			productName = Recepiz;
			productReference = 189533411D4A9CD100153EF0 /* Recepiz.app */;
			productType = "com.apple.product-type.application";
		};
/* End PBXNativeTarget section */

/* Begin PBXProject section */
		189533391D4A9CD100153EF0 /* Project object */ = {
			isa = PBXProject;
			attributes = {
				LastSwiftUpdateCheck = 0730;
				LastUpgradeCheck = 0730;
				ORGANIZATIONNAME = SimpleStuff;
				TargetAttributes = {
					189533401D4A9CD100153EF0 = {
						CreatedOnToolsVersion = 7.3.1;
						DevelopmentTeam = 253ET55U8L;
					};
				};
			};
			buildConfigurationList = 1895333C1D4A9CD100153EF0 /* Build configuration list for PBXProject "Recepiz" */;
			compatibilityVersion = "Xcode 3.2";
			developmentRegion = English;
			hasScannedForEncodings = 0;
			knownRegions = (
				en,
				Base,
			);
			mainGroup = 189533381D4A9CD100153EF0;
			productRefGroup = 189533421D4A9CD100153EF0 /* Products */;
			projectDirPath = "";
			projectRoot = "";
			targets = (
				189533401D4A9CD100153EF0 /* Recepiz */,
			);
		};
/* End PBXProject section */

/* Begin PBXResourcesBuildPhase section */
		1895333F1D4A9CD100153EF0 /* Resources */ = {
			isa = PBXResourcesBuildPhase;
			buildActionMask = 2147483647;
			files = (
				189533521D4A9CD100153EF0 /* LaunchScreen.storyboard in Resources */,
				1895334F1D4A9CD100153EF0 /* Assets.xcassets in Resources */,
				1895334A1D4A9CD100153EF0 /* Main.storyboard in Resources */,
			);
			runOnlyForDeploymentPostprocessing = 0;
		};
/* End PBXResourcesBuildPhase section */

/* Begin PBXSourcesBuildPhase section */
		1895333D1D4A9CD100153EF0 /* Sources */ = {
			isa = PBXSourcesBuildPhase;
			buildActionMask = 2147483647;
			files = (
				189533471D4A9CD100153EF0 /* ViewController.swift in Sources */,
				1895335E1D4AA3E900153EF0 /* Recipe+CoreDataProperties.swift in Sources */,
				1895334D1D4A9CD100153EF0 /* Recepiz.xcdatamodeld in Sources */,
				189533611D4AA6BB00153EF0 /* RecipeCell.swift in Sources */,
				189533631D4AB06D00153EF0 /* CreateRecipeVC.swift in Sources */,
				189533451D4A9CD100153EF0 /* AppDelegate.swift in Sources */,
				1895335F1D4AA3E900153EF0 /* Recipe.swift in Sources */,
			);
			runOnlyForDeploymentPostprocessing = 0;
		};
/* End PBXSourcesBuildPhase section */

/* Begin PBXVariantGroup section */
		189533481D4A9CD100153EF0 /* Main.storyboard */ = {
			isa = PBXVariantGroup;
			children = (
				189533491D4A9CD100153EF0 /* Base */,
			);
			name = Main.storyboard;
			sourceTree = "<group>";
		};
		189533501D4A9CD100153EF0 /* LaunchScreen.storyboard */ = {
			isa = PBXVariantGroup;
			children = (
				189533511D4A9CD100153EF0 /* Base */,
			);
			name = LaunchScreen.storyboard;
			sourceTree = "<group>";
		};
/* End PBXVariantGroup section */

/* Begin XCBuildConfiguration section */
		189533541D4A9CD100153EF0 /* Debug */ = {
			isa = XCBuildConfiguration;
			buildSettings = {
				ALWAYS_SEARCH_USER_PATHS = NO;
				CLANG_ANALYZER_NONNULL = YES;
				CLANG_CXX_LANGUAGE_STANDARD = "gnu++0x";
				CLANG_CXX_LIBRARY = "libc++";
				CLANG_ENABLE_MODULES = YES;
				CLANG_ENABLE_OBJC_ARC = YES;
				CLANG_WARN_BOOL_CONVERSION = YES;
				CLANG_WARN_CONSTANT_CONVERSION = YES;
				CLANG_WARN_DIRECT_OBJC_ISA_USAGE = YES_ERROR;
				CLANG_WARN_EMPTY_BODY = YES;
				CLANG_WARN_ENUM_CONVERSION = YES;
				CLANG_WARN_INT_CONVERSION = YES;
				CLANG_WARN_OBJC_ROOT_CLASS = YES_ERROR;
				CLANG_WARN_UNREACHABLE_CODE = YES;
				CLANG_WARN__DUPLICATE_METHOD_MATCH = YES;
				"CODE_SIGN_IDENTITY[sdk=iphoneos*]" = "iPhone Developer";
				COPY_PHASE_STRIP = NO;
				DEBUG_INFORMATION_FORMAT = dwarf;
				ENABLE_STRICT_OBJC_MSGSEND = YES;
				ENABLE_TESTABILITY = YES;
				GCC_C_LANGUAGE_STANDARD = gnu99;
				GCC_DYNAMIC_NO_PIC = NO;
				GCC_NO_COMMON_BLOCKS = YES;
				GCC_OPTIMIZATION_LEVEL = 0;
				GCC_PREPROCESSOR_DEFINITIONS = (
					"DEBUG=1",
					"$(inherited)",
				);
				GCC_WARN_64_TO_32_BIT_CONVERSION = YES;
				GCC_WARN_ABOUT_RETURN_TYPE = YES_ERROR;
				GCC_WARN_UNDECLARED_SELECTOR = YES;
				GCC_WARN_UNINITIALIZED_AUTOS = YES_AGGRESSIVE;
				GCC_WARN_UNUSED_FUNCTION = YES;
				GCC_WARN_UNUSED_VARIABLE = YES;
				IPHONEOS_DEPLOYMENT_TARGET = 9.3;
				MTL_ENABLE_DEBUG_INFO = YES;
				ONLY_ACTIVE_ARCH = YES;
				SDKROOT = iphoneos;
				SWIFT_OPTIMIZATION_LEVEL = "-Onone";
				TARGETED_DEVICE_FAMILY = "1,2";
			};
			name = Debug;
		};
		189533551D4A9CD100153EF0 /* Release */ = {
			isa = XCBuildConfiguration;
			buildSettings = {
				ALWAYS_SEARCH_USER_PATHS = NO;
				CLANG_ANALYZER_NONNULL = YES;
				CLANG_CXX_LANGUAGE_STANDARD = "gnu++0x";
				CLANG_CXX_LIBRARY = "libc++";
				CLANG_ENABLE_MODULES = YES;
				CLANG_ENABLE_OBJC_ARC = YES;
				CLANG_WARN_BOOL_CONVERSION = YES;
				CLANG_WARN_CONSTANT_CONVERSION = YES;
				CLANG_WARN_DIRECT_OBJC_ISA_USAGE = YES_ERROR;
				CLANG_WARN_EMPTY_BODY = YES;
				CLANG_WARN_ENUM_CONVERSION = YES;
				CLANG_WARN_INT_CONVERSION = YES;
				CLANG_WARN_OBJC_ROOT_CLASS = YES_ERROR;
				CLANG_WARN_UNREACHABLE_CODE = YES;
				CLANG_WARN__DUPLICATE_METHOD_MATCH = YES;
				"CODE_SIGN_IDENTITY[sdk=iphoneos*]" = "iPhone Developer";
				COPY_PHASE_STRIP = NO;
				DEBUG_INFORMATION_FORMAT = "dwarf-with-dsym";
				ENABLE_NS_ASSERTIONS = NO;
				ENABLE_STRICT_OBJC_MSGSEND = YES;
				GCC_C_LANGUAGE_STANDARD = gnu99;
				GCC_NO_COMMON_BLOCKS = YES;
				GCC_WARN_64_TO_32_BIT_CONVERSION = YES;
				GCC_WARN_ABOUT_RETURN_TYPE = YES_ERROR;
				GCC_WARN_UNDECLARED_SELECTOR = YES;
				GCC_WARN_UNINITIALIZED_AUTOS = YES_AGGRESSIVE;
				GCC_WARN_UNUSED_FUNCTION = YES;
				GCC_WARN_UNUSED_VARIABLE = YES;
				IPHONEOS_DEPLOYMENT_TARGET = 9.3;
				MTL_ENABLE_DEBUG_INFO = NO;
				SDKROOT = iphoneos;
				TARGETED_DEVICE_FAMILY = "1,2";
				VALIDATE_PRODUCT = YES;
			};
			name = Release;
		};
		189533571D4A9CD100153EF0 /* Debug */ = {
			isa = XCBuildConfiguration;
			buildSettings = {
				ASSETCATALOG_COMPILER_APPICON_NAME = AppIcon;
				CODE_SIGN_IDENTITY = "iPhone Developer";
				"CODE_SIGN_IDENTITY[sdk=iphoneos*]" = "iPhone Developer";
				INFOPLIST_FILE = Recepiz/Info.plist;
				LD_RUNPATH_SEARCH_PATHS = "$(inherited) @executable_path/Frameworks";
				PRODUCT_BUNDLE_IDENTIFIER = com.SimpleStuff.Recepiz;
				PRODUCT_NAME = "$(TARGET_NAME)";
				PROVISIONING_PROFILE = "";
			};
			name = Debug;
		};
		189533581D4A9CD100153EF0 /* Release */ = {
			isa = XCBuildConfiguration;
			buildSettings = {
				ASSETCATALOG_COMPILER_APPICON_NAME = AppIcon;
				CODE_SIGN_IDENTITY = "iPhone Developer";
				"CODE_SIGN_IDENTITY[sdk=iphoneos*]" = "iPhone Developer";
				INFOPLIST_FILE = Recepiz/Info.plist;
				LD_RUNPATH_SEARCH_PATHS = "$(inherited) @executable_path/Frameworks";
				PRODUCT_BUNDLE_IDENTIFIER = com.SimpleStuff.Recepiz;
				PRODUCT_NAME = "$(TARGET_NAME)";
				PROVISIONING_PROFILE = "";
			};
			name = Release;
		};
/* End XCBuildConfiguration section */

/* Begin XCConfigurationList section */
		1895333C1D4A9CD100153EF0 /* Build configuration list for PBXProject "Recepiz" */ = {
			isa = XCConfigurationList;
			buildConfigurations = (
				189533541D4A9CD100153EF0 /* Debug */,
				189533551D4A9CD100153EF0 /* Release */,
			);
			defaultConfigurationIsVisible = 0;
			defaultConfigurationName = Release;
		};
		189533561D4A9CD100153EF0 /* Build configuration list for PBXNativeTarget "Recepiz" */ = {
			isa = XCConfigurationList;
			buildConfigurations = (
				189533571D4A9CD100153EF0 /* Debug */,
				189533581D4A9CD100153EF0 /* Release */,
			);
			defaultConfigurationIsVisible = 0;
		};
/* End XCConfigurationList section */

/* Begin XCVersionGroup section */
		1895334B1D4A9CD100153EF0 /* Recepiz.xcdatamodeld */ = {
			isa = XCVersionGroup;
			children = (
				1895334C1D4A9CD100153EF0 /* Recepiz.xcdatamodel */,
			);
			currentVersion = 1895334C1D4A9CD100153EF0 /* Recepiz.xcdatamodel */;
			path = Recepiz.xcdatamodeld;
			sourceTree = "<group>";
			versionGroupType = wrapper.xcdatamodel;
		};
/* End XCVersionGroup section */
	};
	rootObject = 189533391D4A9CD100153EF0 /* Project object */;
}
